
Microsoft Visual Studio Solution File, Format Version 12.00
# Visual Studio Version 17
VisualStudioVersion = 17.5.33516.290
MinimumVisualStudioVersion = 10.0.40219.1
Project("{FAE04EC0-301F-11D3-BF4B-00C04F79EFBC}") = "SMI1002_TP", "SMI1002_TP.csproj", "{05193051-12CE-4110-8617-3AFF4CC37238}"
EndProject
Global
	GlobalSection(SolutionConfigurationPlatforms) = preSolution
		Debug|Any CPU = Debug|Any CPU
		Release|Any CPU = Release|Any CPU
	EndGlobalSection
	GlobalSection(ProjectConfigurationPlatforms) = postSolution
		{05193051-12CE-4110-8617-3AFF4CC37238}.Debug|Any CPU.ActiveCfg = Debug|Any CPU
		{05193051-12CE-4110-8617-3AFF4CC37238}.Debug|Any CPU.Build.0 = Debug|Any CPU
		{05193051-12CE-4110-8617-3AFF4CC37238}.Release|Any CPU.ActiveCfg = Release|Any CPU
		{05193051-12CE-4110-8617-3AFF4CC37238}.Release|Any CPU.Build.0 = Release|Any CPU
	EndGlobalSection
	GlobalSection(SolutionProperties) = preSolution
		HideSolutionNode = FALSE
	EndGlobalSection
	GlobalSection(ExtensibilityGlobals) = postSolution
		SolutionGuid = {5107DEA6-0FDC-4590-AE14-1CB422165A30}
	EndGlobalSection
EndGlobal
